// !$*UTF8*$!
{
	archiveVersion = 1;
	classes = {
	};
	objectVersion = 56;
	objects = {

/* Begin PBXBuildFile section */
		7FE77D232A23D8FA00E283AB /* AppDelegate.swift in Sources */ = {isa = PBXBuildFile; fileRef = 7FE77D222A23D8FA00E283AB /* AppDelegate.swift */; };
		7FE77D252A23D8FA00E283AB /* SceneDelegate.swift in Sources */ = {isa = PBXBuildFile; fileRef = 7FE77D242A23D8FA00E283AB /* SceneDelegate.swift */; };
		7FE77D272A23D8FA00E283AB /* ViewController.swift in Sources */ = {isa = PBXBuildFile; fileRef = 7FE77D262A23D8FA00E283AB /* ViewController.swift */; };
		7FE77D2A2A23D8FA00E283AB /* Main.storyboard in Resources */ = {isa = PBXBuildFile; fileRef = 7FE77D282A23D8FA00E283AB /* Main.storyboard */; };
		7FE77D2C2A23D8FB00E283AB /* Assets.xcassets in Resources */ = {isa = PBXBuildFile; fileRef = 7FE77D2B2A23D8FB00E283AB /* Assets.xcassets */; };
		7FE77D2F2A23D8FB00E283AB /* LaunchScreen.storyboard in Resources */ = {isa = PBXBuildFile; fileRef = 7FE77D2D2A23D8FB00E283AB /* LaunchScreen.storyboard */; };
		7FE77D3A2A23D8FC00E283AB /* MovieScannerTests.swift in Sources */ = {isa = PBXBuildFile; fileRef = 7FE77D392A23D8FC00E283AB /* MovieScannerTests.swift */; };
		7FE77D442A23D8FC00E283AB /* MovieScannerUITests.swift in Sources */ = {isa = PBXBuildFile; fileRef = 7FE77D432A23D8FC00E283AB /* MovieScannerUITests.swift */; };
		7FE77D462A23D8FC00E283AB /* MovieScannerUITestsLaunchTests.swift in Sources */ = {isa = PBXBuildFile; fileRef = 7FE77D452A23D8FC00E283AB /* MovieScannerUITestsLaunchTests.swift */; };
/* End PBXBuildFile section */

/* Begin PBXContainerItemProxy section */
		7FE77D362A23D8FC00E283AB /* PBXContainerItemProxy */ = {
			isa = PBXContainerItemProxy;
			containerPortal = 7FE77D172A23D8FA00E283AB /* Project object */;
			proxyType = 1;
			remoteGlobalIDString = 7FE77D1E2A23D8FA00E283AB;
			remoteInfo = MovieScanner;
		};
		7FE77D402A23D8FC00E283AB /* PBXContainerItemProxy */ = {
			isa = PBXContainerItemProxy;
			containerPortal = 7FE77D172A23D8FA00E283AB /* Project object */;
			proxyType = 1;
			remoteGlobalIDString = 7FE77D1E2A23D8FA00E283AB;
			remoteInfo = MovieScanner;
		};
/* End PBXContainerItemProxy section */

/* Begin PBXFileReference section */
		7FE77D1F2A23D8FA00E283AB /* MovieScanner.app */ = {isa = PBXFileReference; explicitFileType = wrapper.application; includeInIndex = 0; path = MovieScanner.app; sourceTree = BUILT_PRODUCTS_DIR; };
		7FE77D222A23D8FA00E283AB /* AppDelegate.swift */ = {isa = PBXFileReference; lastKnownFileType = sourcecode.swift; path = AppDelegate.swift; sourceTree = "<group>"; };
		7FE77D242A23D8FA00E283AB /* SceneDelegate.swift */ = {isa = PBXFileReference; lastKnownFileType = sourcecode.swift; path = SceneDelegate.swift; sourceTree = "<group>"; };
		7FE77D262A23D8FA00E283AB /* ViewController.swift */ = {isa = PBXFileReference; lastKnownFileType = sourcecode.swift; path = ViewController.swift; sourceTree = "<group>"; };
		7FE77D292A23D8FA00E283AB /* Base */ = {isa = PBXFileReference; lastKnownFileType = file.storyboard; name = Base; path = Base.lproj/Main.storyboard; sourceTree = "<group>"; };
		7FE77D2B2A23D8FB00E283AB /* Assets.xcassets */ = {isa = PBXFileReference; lastKnownFileType = folder.assetcatalog; path = Assets.xcassets; sourceTree = "<group>"; };
		7FE77D2E2A23D8FB00E283AB /* Base */ = {isa = PBXFileReference; lastKnownFileType = file.storyboard; name = Base; path = Base.lproj/LaunchScreen.storyboard; sourceTree = "<group>"; };
		7FE77D302A23D8FB00E283AB /* Info.plist */ = {isa = PBXFileReference; lastKnownFileType = text.plist.xml; path = Info.plist; sourceTree = "<group>"; };
		7FE77D352A23D8FC00E283AB /* MovieScannerTests.xctest */ = {isa = PBXFileReference; explicitFileType = wrapper.cfbundle; includeInIndex = 0; path = MovieScannerTests.xctest; sourceTree = BUILT_PRODUCTS_DIR; };
		7FE77D392A23D8FC00E283AB /* MovieScannerTests.swift */ = {isa = PBXFileReference; lastKnownFileType = sourcecode.swift; path = MovieScannerTests.swift; sourceTree = "<group>"; };
		7FE77D3F2A23D8FC00E283AB /* MovieScannerUITests.xctest */ = {isa = PBXFileReference; explicitFileType = wrapper.cfbundle; includeInIndex = 0; path = MovieScannerUITests.xctest; sourceTree = BUILT_PRODUCTS_DIR; };
		7FE77D432A23D8FC00E283AB /* MovieScannerUITests.swift */ = {isa = PBXFileReference; lastKnownFileType = sourcecode.swift; path = MovieScannerUITests.swift; sourceTree = "<group>"; };
		7FE77D452A23D8FC00E283AB /* MovieScannerUITestsLaunchTests.swift */ = {isa = PBXFileReference; lastKnownFileType = sourcecode.swift; path = MovieScannerUITestsLaunchTests.swift; sourceTree = "<group>"; };
/* End PBXFileReference section */

/* Begin PBXFrameworksBuildPhase section */
		7FE77D1C2A23D8FA00E283AB /* Frameworks */ = {
			isa = PBXFrameworksBuildPhase;
			buildActionMask = 2147483647;
			files = (
			);
			runOnlyForDeploymentPostprocessing = 0;
		};
		7FE77D322A23D8FC00E283AB /* Frameworks */ = {
			isa = PBXFrameworksBuildPhase;
			buildActionMask = 2147483647;
			files = (
			);
			runOnlyForDeploymentPostprocessing = 0;
		};
		7FE77D3C2A23D8FC00E283AB /* Frameworks */ = {
			isa = PBXFrameworksBuildPhase;
			buildActionMask = 2147483647;
			files = (
			);
			runOnlyForDeploymentPostprocessing = 0;
		};
/* End PBXFrameworksBuildPhase section */

/* Begin PBXGroup section */
		7FE77D162A23D8FA00E283AB = {
			isa = PBXGroup;
			children = (
				7FE77D212A23D8FA00E283AB /* MovieScanner */,
				7FE77D382A23D8FC00E283AB /* MovieScannerTests */,
				7FE77D422A23D8FC00E283AB /* MovieScannerUITests */,
				7FE77D202A23D8FA00E283AB /* Products */,
			);
			sourceTree = "<group>";
		};
		7FE77D202A23D8FA00E283AB /* Products */ = {
			isa = PBXGroup;
			children = (
				7FE77D1F2A23D8FA00E283AB /* MovieScanner.app */,
				7FE77D352A23D8FC00E283AB /* MovieScannerTests.xctest */,
				7FE77D3F2A23D8FC00E283AB /* MovieScannerUITests.xctest */,
			);
			name = Products;
			sourceTree = "<group>";
		};
		7FE77D212A23D8FA00E283AB /* MovieScanner */ = {
			isa = PBXGroup;
			children = (
				7FE77D222A23D8FA00E283AB /* AppDelegate.swift */,
				7FE77D242A23D8FA00E283AB /* SceneDelegate.swift */,
				7FE77D262A23D8FA00E283AB /* ViewController.swift */,
				7FE77D282A23D8FA00E283AB /* Main.storyboard */,
				7FE77D2B2A23D8FB00E283AB /* Assets.xcassets */,
				7FE77D2D2A23D8FB00E283AB /* LaunchScreen.storyboard */,
				7FE77D302A23D8FB00E283AB /* Info.plist */,
			);
			path = MovieScanner;
			sourceTree = "<group>";
		};
		7FE77D382A23D8FC00E283AB /* MovieScannerTests */ = {
			isa = PBXGroup;
			children = (
				7FE77D392A23D8FC00E283AB /* MovieScannerTests.swift */,
			);
			path = MovieScannerTests;
			sourceTree = "<group>";
		};
		7FE77D422A23D8FC00E283AB /* MovieScannerUITests */ = {
			isa = PBXGroup;
			children = (
				7FE77D432A23D8FC00E283AB /* MovieScannerUITests.swift */,
				7FE77D452A23D8FC00E283AB /* MovieScannerUITestsLaunchTests.swift */,
			);
			path = MovieScannerUITests;
			sourceTree = "<group>";
		};
/* End PBXGroup section */

/* Begin PBXNativeTarget section */
		7FE77D1E2A23D8FA00E283AB /* MovieScanner */ = {
			isa = PBXNativeTarget;
			buildConfigurationList = 7FE77D492A23D8FC00E283AB /* Build configuration list for PBXNativeTarget "MovieScanner" */;
			buildPhases = (
				7FE77D1B2A23D8FA00E283AB /* Sources */,
				7FE77D1C2A23D8FA00E283AB /* Frameworks */,
				7FE77D1D2A23D8FA00E283AB /* Resources */,
			);
			buildRules = (
			);
			dependencies = (
			);
			name = MovieScanner;
			productName = MovieScanner;
			productReference = 7FE77D1F2A23D8FA00E283AB /* MovieScanner.app */;
			productType = "com.apple.product-type.application";
		};
		7FE77D342A23D8FC00E283AB /* MovieScannerTests */ = {
			isa = PBXNativeTarget;
			buildConfigurationList = 7FE77D4C2A23D8FC00E283AB /* Build configuration list for PBXNativeTarget "MovieScannerTests" */;
			buildPhases = (
				7FE77D312A23D8FC00E283AB /* Sources */,
				7FE77D322A23D8FC00E283AB /* Frameworks */,
				7FE77D332A23D8FC00E283AB /* Resources */,
			);
			buildRules = (
			);
			dependencies = (
				7FE77D372A23D8FC00E283AB /* PBXTargetDependency */,
			);
			name = MovieScannerTests;
			productName = MovieScannerTests;
			productReference = 7FE77D352A23D8FC00E283AB /* MovieScannerTests.xctest */;
			productType = "com.apple.product-type.bundle.unit-test";
		};
		7FE77D3E2A23D8FC00E283AB /* MovieScannerUITests */ = {
			isa = PBXNativeTarget;
			buildConfigurationList = 7FE77D4F2A23D8FC00E283AB /* Build configuration list for PBXNativeTarget "MovieScannerUITests" */;
			buildPhases = (
				7FE77D3B2A23D8FC00E283AB /* Sources */,
				7FE77D3C2A23D8FC00E283AB /* Frameworks */,
				7FE77D3D2A23D8FC00E283AB /* Resources */,
			);
			buildRules = (
			);
			dependencies = (
				7FE77D412A23D8FC00E283AB /* PBXTargetDependency */,
			);
			name = MovieScannerUITests;
			productName = MovieScannerUITests;
			productReference = 7FE77D3F2A23D8FC00E283AB /* MovieScannerUITests.xctest */;
			productType = "com.apple.product-type.bundle.ui-testing";
		};
/* End PBXNativeTarget section */

/* Begin PBXProject section */
		7FE77D172A23D8FA00E283AB /* Project object */ = {
			isa = PBXProject;
			attributes = {
				BuildIndependentTargetsInParallel = 1;
				LastSwiftUpdateCheck = 1430;
				LastUpgradeCheck = 1430;
				TargetAttributes = {
					7FE77D1E2A23D8FA00E283AB = {
						CreatedOnToolsVersion = 14.3;
					};
					7FE77D342A23D8FC00E283AB = {
						CreatedOnToolsVersion = 14.3;
						TestTargetID = 7FE77D1E2A23D8FA00E283AB;
					};
					7FE77D3E2A23D8FC00E283AB = {
						CreatedOnToolsVersion = 14.3;
						TestTargetID = 7FE77D1E2A23D8FA00E283AB;
					};
				};
			};
			buildConfigurationList = 7FE77D1A2A23D8FA00E283AB /* Build configuration list for PBXProject "MovieScanner" */;
			compatibilityVersion = "Xcode 14.0";
			developmentRegion = en;
			hasScannedForEncodings = 0;
			knownRegions = (
				en,
				Base,
			);
			mainGroup = 7FE77D162A23D8FA00E283AB;
			productRefGroup = 7FE77D202A23D8FA00E283AB /* Products */;
			projectDirPath = "";
			projectRoot = "";
			targets = (
				7FE77D1E2A23D8FA00E283AB /* MovieScanner */,
				7FE77D342A23D8FC00E283AB /* MovieScannerTests */,
				7FE77D3E2A23D8FC00E283AB /* MovieScannerUITests */,
			);
		};
/* End PBXProject section */

/* Begin PBXResourcesBuildPhase section */
		7FE77D1D2A23D8FA00E283AB /* Resources */ = {
			isa = PBXResourcesBuildPhase;
			buildActionMask = 2147483647;
			files = (
				7FE77D2F2A23D8FB00E283AB /* LaunchScreen.storyboard in Resources */,
				7FE77D2C2A23D8FB00E283AB /* Assets.xcassets in Resources */,
				7FE77D2A2A23D8FA00E283AB /* Main.storyboard in Resources */,
			);
			runOnlyForDeploymentPostprocessing = 0;
		};
		7FE77D332A23D8FC00E283AB /* Resources */ = {
			isa = PBXResourcesBuildPhase;
			buildActionMask = 2147483647;
			files = (
			);
			runOnlyForDeploymentPostprocessing = 0;
		};
		7FE77D3D2A23D8FC00E283AB /* Resources */ = {
			isa = PBXResourcesBuildPhase;
			buildActionMask = 2147483647;
			files = (
			);
			runOnlyForDeploymentPostprocessing = 0;
		};
/* End PBXResourcesBuildPhase section */

/* Begin PBXSourcesBuildPhase section */
		7FE77D1B2A23D8FA00E283AB /* Sources */ = {
			isa = PBXSourcesBuildPhase;
			buildActionMask = 2147483647;
			files = (
				7FE77D272A23D8FA00E283AB /* ViewController.swift in Sources */,
				7FE77D232A23D8FA00E283AB /* AppDelegate.swift in Sources */,
				7FE77D252A23D8FA00E283AB /* SceneDelegate.swift in Sources */,
			);
			runOnlyForDeploymentPostprocessing = 0;
		};
		7FE77D312A23D8FC00E283AB /* Sources */ = {
			isa = PBXSourcesBuildPhase;
			buildActionMask = 2147483647;
			files = (
				7FE77D3A2A23D8FC00E283AB /* MovieScannerTests.swift in Sources */,
			);
			runOnlyForDeploymentPostprocessing = 0;
		};
		7FE77D3B2A23D8FC00E283AB /* Sources */ = {
			isa = PBXSourcesBuildPhase;
			buildActionMask = 2147483647;
			files = (
				7FE77D462A23D8FC00E283AB /* MovieScannerUITestsLaunchTests.swift in Sources */,
				7FE77D442A23D8FC00E283AB /* MovieScannerUITests.swift in Sources */,
			);
			runOnlyForDeploymentPostprocessing = 0;
		};
/* End PBXSourcesBuildPhase section */

/* Begin PBXTargetDependency section */
		7FE77D372A23D8FC00E283AB /* PBXTargetDependency */ = {
			isa = PBXTargetDependency;
			target = 7FE77D1E2A23D8FA00E283AB /* MovieScanner */;
			targetProxy = 7FE77D362A23D8FC00E283AB /* PBXContainerItemProxy */;
		};
		7FE77D412A23D8FC00E283AB /* PBXTargetDependency */ = {
			isa = PBXTargetDependency;
			target = 7FE77D1E2A23D8FA00E283AB /* MovieScanner */;
			targetProxy = 7FE77D402A23D8FC00E283AB /* PBXContainerItemProxy */;
		};
/* End PBXTargetDependency section */

/* Begin PBXVariantGroup section */
		7FE77D282A23D8FA00E283AB /* Main.storyboard */ = {
			isa = PBXVariantGroup;
			children = (
				7FE77D292A23D8FA00E283AB /* Base */,
			);
			name = Main.storyboard;
			sourceTree = "<group>";
		};
		7FE77D2D2A23D8FB00E283AB /* LaunchScreen.storyboard */ = {
			isa = PBXVariantGroup;
			children = (
				7FE77D2E2A23D8FB00E283AB /* Base */,
			);
			name = LaunchScreen.storyboard;
			sourceTree = "<group>";
		};
/* End PBXVariantGroup section */

/* Begin XCBuildConfiguration section */
		7FE77D472A23D8FC00E283AB /* Debug */ = {
			isa = XCBuildConfiguration;
			buildSettings = {
				ALWAYS_SEARCH_USER_PATHS = NO;
				CLANG_ANALYZER_NONNULL = YES;
				CLANG_ANALYZER_NUMBER_OBJECT_CONVERSION = YES_AGGRESSIVE;
				CLANG_CXX_LANGUAGE_STANDARD = "gnu++20";
				CLANG_ENABLE_MODULES = YES;
				CLANG_ENABLE_OBJC_ARC = YES;
				CLANG_ENABLE_OBJC_WEAK = YES;
				CLANG_WARN_BLOCK_CAPTURE_AUTORELEASING = YES;
				CLANG_WARN_BOOL_CONVERSION = YES;
				CLANG_WARN_COMMA = YES;
				CLANG_WARN_CONSTANT_CONVERSION = YES;
				CLANG_WARN_DEPRECATED_OBJC_IMPLEMENTATIONS = YES;
				CLANG_WARN_DIRECT_OBJC_ISA_USAGE = YES_ERROR;
				CLANG_WARN_DOCUMENTATION_COMMENTS = YES;
				CLANG_WARN_EMPTY_BODY = YES;
				CLANG_WARN_ENUM_CONVERSION = YES;
				CLANG_WARN_INFINITE_RECURSION = YES;
				CLANG_WARN_INT_CONVERSION = YES;
				CLANG_WARN_NON_LITERAL_NULL_CONVERSION = YES;
				CLANG_WARN_OBJC_IMPLICIT_RETAIN_SELF = YES;
				CLANG_WARN_OBJC_LITERAL_CONVERSION = YES;
				CLANG_WARN_OBJC_ROOT_CLASS = YES_ERROR;
				CLANG_WARN_QUOTED_INCLUDE_IN_FRAMEWORK_HEADER = YES;
				CLANG_WARN_RANGE_LOOP_ANALYSIS = YES;
				CLANG_WARN_STRICT_PROTOTYPES = YES;
				CLANG_WARN_SUSPICIOUS_MOVE = YES;
				CLANG_WARN_UNGUARDED_AVAILABILITY = YES_AGGRESSIVE;
				CLANG_WARN_UNREACHABLE_CODE = YES;
				CLANG_WARN__DUPLICATE_METHOD_MATCH = YES;
				COPY_PHASE_STRIP = NO;
				DEBUG_INFORMATION_FORMAT = dwarf;
				ENABLE_STRICT_OBJC_MSGSEND = YES;
				ENABLE_TESTABILITY = YES;
				GCC_C_LANGUAGE_STANDARD = gnu11;
				GCC_DYNAMIC_NO_PIC = NO;
				GCC_NO_COMMON_BLOCKS = YES;
				GCC_OPTIMIZATION_LEVEL = 0;
				GCC_PREPROCESSOR_DEFINITIONS = (
					"DEBUG=1",
					"$(inherited)",
				);
				GCC_WARN_64_TO_32_BIT_CONVERSION = YES;
				GCC_WARN_ABOUT_RETURN_TYPE = YES_ERROR;
				GCC_WARN_UNDECLARED_SELECTOR = YES;
				GCC_WARN_UNINITIALIZED_AUTOS = YES_AGGRESSIVE;
				GCC_WARN_UNUSED_FUNCTION = YES;
				GCC_WARN_UNUSED_VARIABLE = YES;
				IPHONEOS_DEPLOYMENT_TARGET = 16.4;
				MTL_ENABLE_DEBUG_INFO = INCLUDE_SOURCE;
				MTL_FAST_MATH = YES;
				ONLY_ACTIVE_ARCH = YES;
				SDKROOT = iphoneos;
				SWIFT_ACTIVE_COMPILATION_CONDITIONS = DEBUG;
				SWIFT_OPTIMIZATION_LEVEL = "-Onone";
			};
			name = Debug;
		};
		7FE77D482A23D8FC00E283AB /* Release */ = {
			isa = XCBuildConfiguration;
			buildSettings = {
				ALWAYS_SEARCH_USER_PATHS = NO;
				CLANG_ANALYZER_NONNULL = YES;
				CLANG_ANALYZER_NUMBER_OBJECT_CONVERSION = YES_AGGRESSIVE;
				CLANG_CXX_LANGUAGE_STANDARD = "gnu++20";
				CLANG_ENABLE_MODULES = YES;
				CLANG_ENABLE_OBJC_ARC = YES;
				CLANG_ENABLE_OBJC_WEAK = YES;
				CLANG_WARN_BLOCK_CAPTURE_AUTORELEASING = YES;
				CLANG_WARN_BOOL_CONVERSION = YES;
				CLANG_WARN_COMMA = YES;
				CLANG_WARN_CONSTANT_CONVERSION = YES;
				CLANG_WARN_DEPRECATED_OBJC_IMPLEMENTATIONS = YES;
				CLANG_WARN_DIRECT_OBJC_ISA_USAGE = YES_ERROR;
				CLANG_WARN_DOCUMENTATION_COMMENTS = YES;
				CLANG_WARN_EMPTY_BODY = YES;
				CLANG_WARN_ENUM_CONVERSION = YES;
				CLANG_WARN_INFINITE_RECURSION = YES;
				CLANG_WARN_INT_CONVERSION = YES;
				CLANG_WARN_NON_LITERAL_NULL_CONVERSION = YES;
				CLANG_WARN_OBJC_IMPLICIT_RETAIN_SELF = YES;
				CLANG_WARN_OBJC_LITERAL_CONVERSION = YES;
				CLANG_WARN_OBJC_ROOT_CLASS = YES_ERROR;
				CLANG_WARN_QUOTED_INCLUDE_IN_FRAMEWORK_HEADER = YES;
				CLANG_WARN_RANGE_LOOP_ANALYSIS = YES;
				CLANG_WARN_STRICT_PROTOTYPES = YES;
				CLANG_WARN_SUSPICIOUS_MOVE = YES;
				CLANG_WARN_UNGUARDED_AVAILABILITY = YES_AGGRESSIVE;
				CLANG_WARN_UNREACHABLE_CODE = YES;
				CLANG_WARN__DUPLICATE_METHOD_MATCH = YES;
				COPY_PHASE_STRIP = NO;
				DEBUG_INFORMATION_FORMAT = "dwarf-with-dsym";
				ENABLE_NS_ASSERTIONS = NO;
				ENABLE_STRICT_OBJC_MSGSEND = YES;
				GCC_C_LANGUAGE_STANDARD = gnu11;
				GCC_NO_COMMON_BLOCKS = YES;
				GCC_WARN_64_TO_32_BIT_CONVERSION = YES;
				GCC_WARN_ABOUT_RETURN_TYPE = YES_ERROR;
				GCC_WARN_UNDECLARED_SELECTOR = YES;
				GCC_WARN_UNINITIALIZED_AUTOS = YES_AGGRESSIVE;
				GCC_WARN_UNUSED_FUNCTION = YES;
				GCC_WARN_UNUSED_VARIABLE = YES;
				IPHONEOS_DEPLOYMENT_TARGET = 16.4;
				MTL_ENABLE_DEBUG_INFO = NO;
				MTL_FAST_MATH = YES;
				SDKROOT = iphoneos;
				SWIFT_COMPILATION_MODE = wholemodule;
				SWIFT_OPTIMIZATION_LEVEL = "-O";
				VALIDATE_PRODUCT = YES;
			};
			name = Release;
		};
		7FE77D4A2A23D8FC00E283AB /* Debug */ = {
			isa = XCBuildConfiguration;
			buildSettings = {
				ASSETCATALOG_COMPILER_APPICON_NAME = AppIcon;
				ASSETCATALOG_COMPILER_GLOBAL_ACCENT_COLOR_NAME = AccentColor;
				CODE_SIGN_STYLE = Automatic;
				CURRENT_PROJECT_VERSION = 1;
				DEVELOPMENT_TEAM = PT94VR8DZT;
				GENERATE_INFOPLIST_FILE = YES;
				INFOPLIST_FILE = MovieScanner/Info.plist;
				INFOPLIST_KEY_UIApplicationSupportsIndirectInputEvents = YES;
				INFOPLIST_KEY_UILaunchStoryboardName = LaunchScreen;
				INFOPLIST_KEY_UIMainStoryboardFile = Main;
				INFOPLIST_KEY_UISupportedInterfaceOrientations_iPad = "UIInterfaceOrientationPortrait UIInterfaceOrientationPortraitUpsideDown UIInterfaceOrientationLandscapeLeft UIInterfaceOrientationLandscapeRight";
				INFOPLIST_KEY_UISupportedInterfaceOrientations_iPhone = "UIInterfaceOrientationPortrait UIInterfaceOrientationLandscapeLeft UIInterfaceOrientationLandscapeRight";
				LD_RUNPATH_SEARCH_PATHS = (
					"$(inherited)",
					"@executable_path/Frameworks",
				);
				MARKETING_VERSION = 1.0;
				PRODUCT_BUNDLE_IDENTIFIER = com.AntonZakharchenko.MovieScanner;
				PRODUCT_NAME = "$(TARGET_NAME)";
				SWIFT_EMIT_LOC_STRINGS = YES;
				SWIFT_VERSION = 5.0;
				TARGETED_DEVICE_FAMILY = "1,2";
			};
			name = Debug;
		};
		7FE77D4B2A23D8FC00E283AB /* Release */ = {
			isa = XCBuildConfiguration;
			buildSettings = {
				ASSETCATALOG_COMPILER_APPICON_NAME = AppIcon;
				ASSETCATALOG_COMPILER_GLOBAL_ACCENT_COLOR_NAME = AccentColor;
				CODE_SIGN_STYLE = Automatic;
				CURRENT_PROJECT_VERSION = 1;
				DEVELOPMENT_TEAM = PT94VR8DZT;
				GENERATE_INFOPLIST_FILE = YES;
				INFOPLIST_FILE = MovieScanner/Info.plist;
				INFOPLIST_KEY_UIApplicationSupportsIndirectInputEvents = YES;
				INFOPLIST_KEY_UILaunchStoryboardName = LaunchScreen;
				INFOPLIST_KEY_UIMainStoryboardFile = Main;
				INFOPLIST_KEY_UISupportedInterfaceOrientations_iPad = "UIInterfaceOrientationPortrait UIInterfaceOrientationPortraitUpsideDown UIInterfaceOrientationLandscapeLeft UIInterfaceOrientationLandscapeRight";
				INFOPLIST_KEY_UISupportedInterfaceOrientations_iPhone = "UIInterfaceOrientationPortrait UIInterfaceOrientationLandscapeLeft UIInterfaceOrientationLandscapeRight";
				LD_RUNPATH_SEARCH_PATHS = (
					"$(inherited)",
					"@executable_path/Frameworks",
				);
				MARKETING_VERSION = 1.0;
				PRODUCT_BUNDLE_IDENTIFIER = com.AntonZakharchenko.MovieScanner;
				PRODUCT_NAME = "$(TARGET_NAME)";
				SWIFT_EMIT_LOC_STRINGS = YES;
				SWIFT_VERSION = 5.0;
				TARGETED_DEVICE_FAMILY = "1,2";
			};
			name = Release;
		};
		7FE77D4D2A23D8FC00E283AB /* Debug */ = {
			isa = XCBuildConfiguration;
			buildSettings = {
				ALWAYS_EMBED_SWIFT_STANDARD_LIBRARIES = YES;
				BUNDLE_LOADER = "$(TEST_HOST)";
				CODE_SIGN_STYLE = Automatic;
				CURRENT_PROJECT_VERSION = 1;
				DEVELOPMENT_TEAM = PT94VR8DZT;
				GENERATE_INFOPLIST_FILE = YES;
				IPHONEOS_DEPLOYMENT_TARGET = 16.4;
				MARKETING_VERSION = 1.0;
				PRODUCT_BUNDLE_IDENTIFIER = com.AntonZakharchenko.MovieScannerTests;
				PRODUCT_NAME = "$(TARGET_NAME)";
				SWIFT_EMIT_LOC_STRINGS = NO;
				SWIFT_VERSION = 5.0;
				TARGETED_DEVICE_FAMILY = "1,2";
				TEST_HOST = "$(BUILT_PRODUCTS_DIR)/MovieScanner.app/$(BUNDLE_EXECUTABLE_FOLDER_PATH)/MovieScanner";
			};
			name = Debug;
		};
		7FE77D4E2A23D8FC00E283AB /* Release */ = {
			isa = XCBuildConfiguration;
			buildSettings = {
				ALWAYS_EMBED_SWIFT_STANDARD_LIBRARIES = YES;
				BUNDLE_LOADER = "$(TEST_HOST)";
				CODE_SIGN_STYLE = Automatic;
				CURRENT_PROJECT_VERSION = 1;
				DEVELOPMENT_TEAM = PT94VR8DZT;
				GENERATE_INFOPLIST_FILE = YES;
				IPHONEOS_DEPLOYMENT_TARGET = 16.4;
				MARKETING_VERSION = 1.0;
				PRODUCT_BUNDLE_IDENTIFIER = com.AntonZakharchenko.MovieScannerTests;
				PRODUCT_NAME = "$(TARGET_NAME)";
				SWIFT_EMIT_LOC_STRINGS = NO;
				SWIFT_VERSION = 5.0;
				TARGETED_DEVICE_FAMILY = "1,2";
				TEST_HOST = "$(BUILT_PRODUCTS_DIR)/MovieScanner.app/$(BUNDLE_EXECUTABLE_FOLDER_PATH)/MovieScanner";
			};
			name = Release;
		};
		7FE77D502A23D8FC00E283AB /* Debug */ = {
			isa = XCBuildConfiguration;
			buildSettings = {
				ALWAYS_EMBED_SWIFT_STANDARD_LIBRARIES = YES;
				CODE_SIGN_STYLE = Automatic;
				CURRENT_PROJECT_VERSION = 1;
				DEVELOPMENT_TEAM = PT94VR8DZT;
				GENERATE_INFOPLIST_FILE = YES;
				MARKETING_VERSION = 1.0;
				PRODUCT_BUNDLE_IDENTIFIER = com.AntonZakharchenko.MovieScannerUITests;
				PRODUCT_NAME = "$(TARGET_NAME)";
				SWIFT_EMIT_LOC_STRINGS = NO;
				SWIFT_VERSION = 5.0;
				TARGETED_DEVICE_FAMILY = "1,2";
				TEST_TARGET_NAME = MovieScanner;
			};
			name = Debug;
		};
		7FE77D512A23D8FC00E283AB /* Release */ = {
			isa = XCBuildConfiguration;
			buildSettings = {
				ALWAYS_EMBED_SWIFT_STANDARD_LIBRARIES = YES;
				CODE_SIGN_STYLE = Automatic;
				CURRENT_PROJECT_VERSION = 1;
				DEVELOPMENT_TEAM = PT94VR8DZT;
				GENERATE_INFOPLIST_FILE = YES;
				MARKETING_VERSION = 1.0;
				PRODUCT_BUNDLE_IDENTIFIER = com.AntonZakharchenko.MovieScannerUITests;
				PRODUCT_NAME = "$(TARGET_NAME)";
				SWIFT_EMIT_LOC_STRINGS = NO;
				SWIFT_VERSION = 5.0;
				TARGETED_DEVICE_FAMILY = "1,2";
				TEST_TARGET_NAME = MovieScanner;
			};
			name = Release;
		};
/* End XCBuildConfiguration section */

/* Begin XCConfigurationList section */
		7FE77D1A2A23D8FA00E283AB /* Build configuration list for PBXProject "MovieScanner" */ = {
			isa = XCConfigurationList;
			buildConfigurations = (
				7FE77D472A23D8FC00E283AB /* Debug */,
				7FE77D482A23D8FC00E283AB /* Release */,
			);
			defaultConfigurationIsVisible = 0;
			defaultConfigurationName = Release;
		};
		7FE77D492A23D8FC00E283AB /* Build configuration list for PBXNativeTarget "MovieScanner" */ = {
			isa = XCConfigurationList;
			buildConfigurations = (
				7FE77D4A2A23D8FC00E283AB /* Debug */,
				7FE77D4B2A23D8FC00E283AB /* Release */,
			);
			defaultConfigurationIsVisible = 0;
			defaultConfigurationName = Release;
		};
		7FE77D4C2A23D8FC00E283AB /* Build configuration list for PBXNativeTarget "MovieScannerTests" */ = {
			isa = XCConfigurationList;
			buildConfigurations = (
				7FE77D4D2A23D8FC00E283AB /* Debug */,
				7FE77D4E2A23D8FC00E283AB /* Release */,
			);
			defaultConfigurationIsVisible = 0;
			defaultConfigurationName = Release;
		};
		7FE77D4F2A23D8FC00E283AB /* Build configuration list for PBXNativeTarget "MovieScannerUITests" */ = {
			isa = XCConfigurationList;
			buildConfigurations = (
				7FE77D502A23D8FC00E283AB /* Debug */,
				7FE77D512A23D8FC00E283AB /* Release */,
			);
			defaultConfigurationIsVisible = 0;
			defaultConfigurationName = Release;
		};
/* End XCConfigurationList section */
	};
	rootObject = 7FE77D172A23D8FA00E283AB /* Project object */;
}
